
Microsoft Visual Studio Solution File, Format Version 12.00
# Visual Studio Version 16
VisualStudioVersion = 16.0.29509.3
MinimumVisualStudioVersion = 10.0.40219.1
Project("{9A19103F-16F7-4668-BE54-9A1E7A4F7556}") = "machine-learning-example", "machine-learning-example\machine-learning-example.csproj", "{3855AAEB-158E-4A53-A51B-6728444B2BF9}"
EndProject
Project("{9A19103F-16F7-4668-BE54-9A1E7A4F7556}") = "MachineLearningExampleML.Model", "MachineLearningExampleML.Model\MachineLearningExampleML.Model.csproj", "{3479B99A-7074-4B70-8BF7-49718028F65E}"
EndProject
Global
	GlobalSection(SolutionConfigurationPlatforms) = preSolution
		Debug|Any CPU = Debug|Any CPU
		Release|Any CPU = Release|Any CPU
	EndGlobalSection
	GlobalSection(ProjectConfigurationPlatforms) = postSolution
		{3855AAEB-158E-4A53-A51B-6728444B2BF9}.Debug|Any CPU.ActiveCfg = Debug|Any CPU
		{3855AAEB-158E-4A53-A51B-6728444B2BF9}.Debug|Any CPU.Build.0 = Debug|Any CPU
		{3855AAEB-158E-4A53-A51B-6728444B2BF9}.Release|Any CPU.ActiveCfg = Release|Any CPU
		{3855AAEB-158E-4A53-A51B-6728444B2BF9}.Release|Any CPU.Build.0 = Release|Any CPU
		{3479B99A-7074-4B70-8BF7-49718028F65E}.Debug|Any CPU.ActiveCfg = Debug|Any CPU
		{3479B99A-7074-4B70-8BF7-49718028F65E}.Debug|Any CPU.Build.0 = Debug|Any CPU
		{3479B99A-7074-4B70-8BF7-49718028F65E}.Release|Any CPU.ActiveCfg = Release|Any CPU
		{3479B99A-7074-4B70-8BF7-49718028F65E}.Release|Any CPU.Build.0 = Release|Any CPU
	EndGlobalSection
	GlobalSection(SolutionProperties) = preSolution
		HideSolutionNode = FALSE
	EndGlobalSection
	GlobalSection(ExtensibilityGlobals) = postSolution
		SolutionGuid = {B3C27DF9-A506-4233-A808-7C247511E18A}
	EndGlobalSection
EndGlobal
